
Microsoft Visual Studio Solution File, Format Version 12.00
# Visual Studio Version 16
VisualStudioVersion = 16.0.30011.22
MinimumVisualStudioVersion = 10.0.40219.1
Project("{9A19103F-16F7-4668-BE54-9A1E7A4F7556}") = "Entry", "Entry\Entry.csproj", "{3C0B030B-10CB-4138-8E30-55B0F3D1999E}"
EndProject
Project("{9A19103F-16F7-4668-BE54-9A1E7A4F7556}") = "Models", "Models\Models.csproj", "{26219C72-26FE-4C4C-B984-F900BD6B0079}"
EndProject
Project("{00D1A9C2-B5F0-4AF3-8072-F6C62B433612}") = "Database", "Database\Database.sqlproj", "{B29FEE76-2E13-4E96-83CB-0876B415CA31}"
EndProject
Project("{FAE04EC0-301F-11D3-BF4B-00C04F79EFBC}") = "Controllers", "Controllers\Controllers.csproj", "{FFA70ED4-9F7C-4E7D-AB06-5B90640FCAC9}"
EndProject
Global
	GlobalSection(SolutionConfigurationPlatforms) = preSolution
		Debug|Any CPU = Debug|Any CPU
		Release|Any CPU = Release|Any CPU
	EndGlobalSection
	GlobalSection(ProjectConfigurationPlatforms) = postSolution
		{3C0B030B-10CB-4138-8E30-55B0F3D1999E}.Debug|Any CPU.ActiveCfg = Debug|Any CPU
		{3C0B030B-10CB-4138-8E30-55B0F3D1999E}.Debug|Any CPU.Build.0 = Debug|Any CPU
		{3C0B030B-10CB-4138-8E30-55B0F3D1999E}.Release|Any CPU.ActiveCfg = Release|Any CPU
		{3C0B030B-10CB-4138-8E30-55B0F3D1999E}.Release|Any CPU.Build.0 = Release|Any CPU
		{26219C72-26FE-4C4C-B984-F900BD6B0079}.Debug|Any CPU.ActiveCfg = Debug|Any CPU
		{26219C72-26FE-4C4C-B984-F900BD6B0079}.Debug|Any CPU.Build.0 = Debug|Any CPU
		{26219C72-26FE-4C4C-B984-F900BD6B0079}.Release|Any CPU.ActiveCfg = Release|Any CPU
		{26219C72-26FE-4C4C-B984-F900BD6B0079}.Release|Any CPU.Build.0 = Release|Any CPU
		{B29FEE76-2E13-4E96-83CB-0876B415CA31}.Debug|Any CPU.ActiveCfg = Debug|Any CPU
		{B29FEE76-2E13-4E96-83CB-0876B415CA31}.Debug|Any CPU.Build.0 = Debug|Any CPU
		{B29FEE76-2E13-4E96-83CB-0876B415CA31}.Debug|Any CPU.Deploy.0 = Debug|Any CPU
		{B29FEE76-2E13-4E96-83CB-0876B415CA31}.Release|Any CPU.ActiveCfg = Release|Any CPU
		{B29FEE76-2E13-4E96-83CB-0876B415CA31}.Release|Any CPU.Build.0 = Release|Any CPU
		{B29FEE76-2E13-4E96-83CB-0876B415CA31}.Release|Any CPU.Deploy.0 = Release|Any CPU
		{FFA70ED4-9F7C-4E7D-AB06-5B90640FCAC9}.Debug|Any CPU.ActiveCfg = Debug|Any CPU
		{FFA70ED4-9F7C-4E7D-AB06-5B90640FCAC9}.Debug|Any CPU.Build.0 = Debug|Any CPU
		{FFA70ED4-9F7C-4E7D-AB06-5B90640FCAC9}.Release|Any CPU.ActiveCfg = Release|Any CPU
		{FFA70ED4-9F7C-4E7D-AB06-5B90640FCAC9}.Release|Any CPU.Build.0 = Release|Any CPU
	EndGlobalSection
	GlobalSection(SolutionProperties) = preSolution
		HideSolutionNode = FALSE
	EndGlobalSection
	GlobalSection(ExtensibilityGlobals) = postSolution
		SolutionGuid = {B2315D42-413D-4A0C-89DE-B248563F53E4}
	EndGlobalSection
EndGlobal
