
Microsoft Visual Studio Solution File, Format Version 12.00
# Visual Studio Version 16
VisualStudioVersion = 16.0.30011.22
MinimumVisualStudioVersion = 10.0.40219.1
Project("{9A19103F-16F7-4668-BE54-9A1E7A4F7556}") = "Models", "Models\Models.csproj", "{12D9769C-B8C4-4028-B67C-A4861BEFE840}"
EndProject
Project("{00D1A9C2-B5F0-4AF3-8072-F6C62B433612}") = "Database", "Database\Database.sqlproj", "{0F8B8A88-A736-4832-9B9D-A441248417F9}"
EndProject
Project("{9A19103F-16F7-4668-BE54-9A1E7A4F7556}") = "UI.Server", "UI\Server\UI.Server.csproj", "{B0278A4E-A064-41B7-870A-B926CCD865F7}"
EndProject
Project("{9A19103F-16F7-4668-BE54-9A1E7A4F7556}") = "UI.Client", "UI\Client\UI.Client.csproj", "{72CC5B95-1FAB-496A-B43D-C365ACDAAD1B}"
EndProject
Project("{9A19103F-16F7-4668-BE54-9A1E7A4F7556}") = "UI.Shared", "UI\Shared\UI.Shared.csproj", "{1D15419E-57F2-47AC-A26A-688AA015CE85}"
EndProject
Project("{9A19103F-16F7-4668-BE54-9A1E7A4F7556}") = "API", "API\API.csproj", "{5B2E1743-F72D-4E45-B8B3-F39B0A6E85FE}"
EndProject
Project("{FAE04EC0-301F-11D3-BF4B-00C04F79EFBC}") = "Helper", "Helper\Helper.csproj", "{6FDDDA5A-0DED-4E6C-9531-1C129472937D}"
EndProject
Global
	GlobalSection(SolutionConfigurationPlatforms) = preSolution
		Debug|Any CPU = Debug|Any CPU
		Release|Any CPU = Release|Any CPU
	EndGlobalSection
	GlobalSection(ProjectConfigurationPlatforms) = postSolution
		{12D9769C-B8C4-4028-B67C-A4861BEFE840}.Debug|Any CPU.ActiveCfg = Debug|Any CPU
		{12D9769C-B8C4-4028-B67C-A4861BEFE840}.Debug|Any CPU.Build.0 = Debug|Any CPU
		{12D9769C-B8C4-4028-B67C-A4861BEFE840}.Release|Any CPU.ActiveCfg = Release|Any CPU
		{12D9769C-B8C4-4028-B67C-A4861BEFE840}.Release|Any CPU.Build.0 = Release|Any CPU
		{0F8B8A88-A736-4832-9B9D-A441248417F9}.Debug|Any CPU.ActiveCfg = Debug|Any CPU
		{0F8B8A88-A736-4832-9B9D-A441248417F9}.Debug|Any CPU.Build.0 = Debug|Any CPU
		{0F8B8A88-A736-4832-9B9D-A441248417F9}.Debug|Any CPU.Deploy.0 = Debug|Any CPU
		{0F8B8A88-A736-4832-9B9D-A441248417F9}.Release|Any CPU.ActiveCfg = Release|Any CPU
		{0F8B8A88-A736-4832-9B9D-A441248417F9}.Release|Any CPU.Build.0 = Release|Any CPU
		{0F8B8A88-A736-4832-9B9D-A441248417F9}.Release|Any CPU.Deploy.0 = Release|Any CPU
		{B0278A4E-A064-41B7-870A-B926CCD865F7}.Debug|Any CPU.ActiveCfg = Debug|Any CPU
		{B0278A4E-A064-41B7-870A-B926CCD865F7}.Debug|Any CPU.Build.0 = Debug|Any CPU
		{B0278A4E-A064-41B7-870A-B926CCD865F7}.Release|Any CPU.ActiveCfg = Release|Any CPU
		{B0278A4E-A064-41B7-870A-B926CCD865F7}.Release|Any CPU.Build.0 = Release|Any CPU
		{72CC5B95-1FAB-496A-B43D-C365ACDAAD1B}.Debug|Any CPU.ActiveCfg = Debug|Any CPU
		{72CC5B95-1FAB-496A-B43D-C365ACDAAD1B}.Debug|Any CPU.Build.0 = Debug|Any CPU
		{72CC5B95-1FAB-496A-B43D-C365ACDAAD1B}.Release|Any CPU.ActiveCfg = Release|Any CPU
		{72CC5B95-1FAB-496A-B43D-C365ACDAAD1B}.Release|Any CPU.Build.0 = Release|Any CPU
		{1D15419E-57F2-47AC-A26A-688AA015CE85}.Debug|Any CPU.ActiveCfg = Debug|Any CPU
		{1D15419E-57F2-47AC-A26A-688AA015CE85}.Debug|Any CPU.Build.0 = Debug|Any CPU
		{1D15419E-57F2-47AC-A26A-688AA015CE85}.Release|Any CPU.ActiveCfg = Release|Any CPU
		{1D15419E-57F2-47AC-A26A-688AA015CE85}.Release|Any CPU.Build.0 = Release|Any CPU
		{5B2E1743-F72D-4E45-B8B3-F39B0A6E85FE}.Debug|Any CPU.ActiveCfg = Debug|Any CPU
		{5B2E1743-F72D-4E45-B8B3-F39B0A6E85FE}.Debug|Any CPU.Build.0 = Debug|Any CPU
		{5B2E1743-F72D-4E45-B8B3-F39B0A6E85FE}.Release|Any CPU.ActiveCfg = Release|Any CPU
		{5B2E1743-F72D-4E45-B8B3-F39B0A6E85FE}.Release|Any CPU.Build.0 = Release|Any CPU
		{6FDDDA5A-0DED-4E6C-9531-1C129472937D}.Debug|Any CPU.ActiveCfg = Debug|Any CPU
		{6FDDDA5A-0DED-4E6C-9531-1C129472937D}.Debug|Any CPU.Build.0 = Debug|Any CPU
		{6FDDDA5A-0DED-4E6C-9531-1C129472937D}.Release|Any CPU.ActiveCfg = Release|Any CPU
		{6FDDDA5A-0DED-4E6C-9531-1C129472937D}.Release|Any CPU.Build.0 = Release|Any CPU
	EndGlobalSection
	GlobalSection(SolutionProperties) = preSolution
		HideSolutionNode = FALSE
	EndGlobalSection
	GlobalSection(ExtensibilityGlobals) = postSolution
		SolutionGuid = {4D9FFBEB-377A-49EA-82FD-72AEB279A5F0}
	EndGlobalSection
EndGlobal
